// !$*UTF8*$!
{
	archiveVersion = 1;
	classes = {
	};
	objectVersion = 52;
	objects = {

/* Begin PBXBuildFile section */
		F62FC49726C00A3600A37F82 /* Photo.swift in Sources */ = {isa = PBXBuildFile; fileRef = F62FC49626C00A3600A37F82 /* Photo.swift */; };
		F62FC4A026C0160100A37F82 /* PhotoCell.swift in Sources */ = {isa = PBXBuildFile; fileRef = F62FC49F26C0160100A37F82 /* PhotoCell.swift */; };
		F62FC4AA26C018AF00A37F82 /* Kingfisher in Frameworks */ = {isa = PBXBuildFile; productRef = F62FC4A926C018AF00A37F82 /* Kingfisher */; };
		F63195D526C04600008ACF23 /* PhotoAPIModelTests.swift in Sources */ = {isa = PBXBuildFile; fileRef = F63195D426C04600008ACF23 /* PhotoAPIModelTests.swift */; };
		F63195DA26C0467F008ACF23 /* PhotoSearchSampleResponse.json in Resources */ = {isa = PBXBuildFile; fileRef = F63195D926C0467F008ACF23 /* PhotoSearchSampleResponse.json */; };
		F63195E226C04A35008ACF23 /* PhotoSearchEmptyResponse.json in Resources */ = {isa = PBXBuildFile; fileRef = F63195E126C04A35008ACF23 /* PhotoSearchEmptyResponse.json */; };
		F64BDEE626BF8EDE007DE353 /* FlickrService.swift in Sources */ = {isa = PBXBuildFile; fileRef = F64BDEE526BF8EDE007DE353 /* FlickrService.swift */; };
		F64BDEEE26BF922C007DE353 /* PhotoAPIModel.swift in Sources */ = {isa = PBXBuildFile; fileRef = F64BDEED26BF922C007DE353 /* PhotoAPIModel.swift */; };
		F64BDEF826BFAA91007DE353 /* Environment.swift in Sources */ = {isa = PBXBuildFile; fileRef = F64BDEF726BFAA91007DE353 /* Environment.swift */; };
		F687D29426BF7103007A87E4 /* AppDelegate.swift in Sources */ = {isa = PBXBuildFile; fileRef = F687D29326BF7103007A87E4 /* AppDelegate.swift */; };
		F687D29D26BF7104007A87E4 /* Assets.xcassets in Resources */ = {isa = PBXBuildFile; fileRef = F687D29C26BF7104007A87E4 /* Assets.xcassets */; };
		F687D2A026BF7104007A87E4 /* LaunchScreen.storyboard in Resources */ = {isa = PBXBuildFile; fileRef = F687D29E26BF7104007A87E4 /* LaunchScreen.storyboard */; };
		F687D2AB26BF7104007A87E4 /* FlickrRxTests.swift in Sources */ = {isa = PBXBuildFile; fileRef = F687D2AA26BF7104007A87E4 /* FlickrRxTests.swift */; };
		F687D2B626BF7104007A87E4 /* FlickrRxUITests.swift in Sources */ = {isa = PBXBuildFile; fileRef = F687D2B526BF7104007A87E4 /* FlickrRxUITests.swift */; };
		F687D2CB26BF748B007A87E4 /* RxSwift in Frameworks */ = {isa = PBXBuildFile; productRef = F687D2CA26BF748B007A87E4 /* RxSwift */; };
		F687D2CF26BF748B007A87E4 /* RxRelay in Frameworks */ = {isa = PBXBuildFile; productRef = F687D2CE26BF748B007A87E4 /* RxRelay */; };
		F687D2D126BF748B007A87E4 /* RxCocoa in Frameworks */ = {isa = PBXBuildFile; productRef = F687D2D026BF748B007A87E4 /* RxCocoa */; };
		F687D2D326BF748B007A87E4 /* RxBlocking in Frameworks */ = {isa = PBXBuildFile; productRef = F687D2D226BF748B007A87E4 /* RxBlocking */; };
		F687D2DC26BF74E4007A87E4 /* XCoordinatorRx in Frameworks */ = {isa = PBXBuildFile; productRef = F687D2DB26BF74E4007A87E4 /* XCoordinatorRx */; };
		F687D2DE26BF74E4007A87E4 /* XCoordinator in Frameworks */ = {isa = PBXBuildFile; productRef = F687D2DD26BF74E4007A87E4 /* XCoordinator */; };
		F687D2E326BF763F007A87E4 /* AppCoordinator.swift in Sources */ = {isa = PBXBuildFile; fileRef = F687D2E226BF763F007A87E4 /* AppCoordinator.swift */; };
		F687D2E826BF789B007A87E4 /* PhotosViewModel.swift in Sources */ = {isa = PBXBuildFile; fileRef = F687D2E726BF789B007A87E4 /* PhotosViewModel.swift */; };
		F687D2ED26BF7975007A87E4 /* PhotosViewModelImpl.swift in Sources */ = {isa = PBXBuildFile; fileRef = F687D2EC26BF7975007A87E4 /* PhotosViewModelImpl.swift */; };
		F687D2F326BF7A09007A87E4 /* PhotosViewController.swift in Sources */ = {isa = PBXBuildFile; fileRef = F687D2F126BF7A09007A87E4 /* PhotosViewController.swift */; };
		F687D2F426BF7A09007A87E4 /* PhotosViewController.xib in Resources */ = {isa = PBXBuildFile; fileRef = F687D2F226BF7A09007A87E4 /* PhotosViewController.xib */; };
		F687D2F926BF7A6E007A87E4 /* BindableType.swift in Sources */ = {isa = PBXBuildFile; fileRef = F687D2F826BF7A6E007A87E4 /* BindableType.swift */; };
		F687D2FE26BF7B6A007A87E4 /* NibIdentifiable.swift in Sources */ = {isa = PBXBuildFile; fileRef = F687D2FD26BF7B6A007A87E4 /* NibIdentifiable.swift */; };
/* End PBXBuildFile section */

/* Begin PBXContainerItemProxy section */
		F687D2A726BF7104007A87E4 /* PBXContainerItemProxy */ = {
			isa = PBXContainerItemProxy;
			containerPortal = F687D28826BF7103007A87E4 /* Project object */;
			proxyType = 1;
			remoteGlobalIDString = F687D28F26BF7103007A87E4;
			remoteInfo = FlickrRx;
		};
		F687D2B226BF7104007A87E4 /* PBXContainerItemProxy */ = {
			isa = PBXContainerItemProxy;
			containerPortal = F687D28826BF7103007A87E4 /* Project object */;
			proxyType = 1;
			remoteGlobalIDString = F687D28F26BF7103007A87E4;
			remoteInfo = FlickrRx;
		};
/* End PBXContainerItemProxy section */

/* Begin PBXFileReference section */
		F62FC49626C00A3600A37F82 /* Photo.swift */ = {isa = PBXFileReference; lastKnownFileType = sourcecode.swift; path = Photo.swift; sourceTree = "<group>"; };
		F62FC49F26C0160100A37F82 /* PhotoCell.swift */ = {isa = PBXFileReference; lastKnownFileType = sourcecode.swift; path = PhotoCell.swift; sourceTree = "<group>"; };
		F63195D426C04600008ACF23 /* PhotoAPIModelTests.swift */ = {isa = PBXFileReference; lastKnownFileType = sourcecode.swift; path = PhotoAPIModelTests.swift; sourceTree = "<group>"; };
		F63195D926C0467F008ACF23 /* PhotoSearchSampleResponse.json */ = {isa = PBXFileReference; fileEncoding = 4; lastKnownFileType = text.json; path = PhotoSearchSampleResponse.json; sourceTree = "<group>"; };
		F63195E126C04A35008ACF23 /* PhotoSearchEmptyResponse.json */ = {isa = PBXFileReference; fileEncoding = 4; lastKnownFileType = text.json; path = PhotoSearchEmptyResponse.json; sourceTree = "<group>"; };
		F63195EE26C04E3C008ACF23 /* README.md */ = {isa = PBXFileReference; fileEncoding = 4; lastKnownFileType = net.daringfireball.markdown; path = README.md; sourceTree = "<group>"; };
		F64BDEE526BF8EDE007DE353 /* FlickrService.swift */ = {isa = PBXFileReference; lastKnownFileType = sourcecode.swift; path = FlickrService.swift; sourceTree = "<group>"; };
		F64BDEED26BF922C007DE353 /* PhotoAPIModel.swift */ = {isa = PBXFileReference; lastKnownFileType = sourcecode.swift; path = PhotoAPIModel.swift; sourceTree = "<group>"; };
		F64BDEF326BFA9A2007DE353 /* Config.xcconfig */ = {isa = PBXFileReference; lastKnownFileType = text.xcconfig; path = Config.xcconfig; sourceTree = "<group>"; };
		F64BDEF726BFAA91007DE353 /* Environment.swift */ = {isa = PBXFileReference; lastKnownFileType = sourcecode.swift; path = Environment.swift; sourceTree = "<group>"; };
		F687D29026BF7103007A87E4 /* FlickrRx.app */ = {isa = PBXFileReference; explicitFileType = wrapper.application; includeInIndex = 0; path = FlickrRx.app; sourceTree = BUILT_PRODUCTS_DIR; };
		F687D29326BF7103007A87E4 /* AppDelegate.swift */ = {isa = PBXFileReference; lastKnownFileType = sourcecode.swift; path = AppDelegate.swift; sourceTree = "<group>"; };
		F687D29C26BF7104007A87E4 /* Assets.xcassets */ = {isa = PBXFileReference; lastKnownFileType = folder.assetcatalog; path = Assets.xcassets; sourceTree = "<group>"; };
		F687D29F26BF7104007A87E4 /* Base */ = {isa = PBXFileReference; lastKnownFileType = file.storyboard; name = Base; path = Base.lproj/LaunchScreen.storyboard; sourceTree = "<group>"; };
		F687D2A126BF7104007A87E4 /* Info.plist */ = {isa = PBXFileReference; lastKnownFileType = text.plist.xml; path = Info.plist; sourceTree = "<group>"; };
		F687D2A626BF7104007A87E4 /* FlickrRxTests.xctest */ = {isa = PBXFileReference; explicitFileType = wrapper.cfbundle; includeInIndex = 0; path = FlickrRxTests.xctest; sourceTree = BUILT_PRODUCTS_DIR; };
		F687D2AA26BF7104007A87E4 /* FlickrRxTests.swift */ = {isa = PBXFileReference; lastKnownFileType = sourcecode.swift; path = FlickrRxTests.swift; sourceTree = "<group>"; };
		F687D2AC26BF7104007A87E4 /* Info.plist */ = {isa = PBXFileReference; lastKnownFileType = text.plist.xml; path = Info.plist; sourceTree = "<group>"; };
		F687D2B126BF7104007A87E4 /* FlickrRxUITests.xctest */ = {isa = PBXFileReference; explicitFileType = wrapper.cfbundle; includeInIndex = 0; path = FlickrRxUITests.xctest; sourceTree = BUILT_PRODUCTS_DIR; };
		F687D2B526BF7104007A87E4 /* FlickrRxUITests.swift */ = {isa = PBXFileReference; lastKnownFileType = sourcecode.swift; path = FlickrRxUITests.swift; sourceTree = "<group>"; };
		F687D2B726BF7104007A87E4 /* Info.plist */ = {isa = PBXFileReference; lastKnownFileType = text.plist.xml; path = Info.plist; sourceTree = "<group>"; };
		F687D2E226BF763F007A87E4 /* AppCoordinator.swift */ = {isa = PBXFileReference; lastKnownFileType = sourcecode.swift; path = AppCoordinator.swift; sourceTree = "<group>"; };
		F687D2E726BF789B007A87E4 /* PhotosViewModel.swift */ = {isa = PBXFileReference; lastKnownFileType = sourcecode.swift; path = PhotosViewModel.swift; sourceTree = "<group>"; };
		F687D2EC26BF7975007A87E4 /* PhotosViewModelImpl.swift */ = {isa = PBXFileReference; lastKnownFileType = sourcecode.swift; path = PhotosViewModelImpl.swift; sourceTree = "<group>"; };
		F687D2F126BF7A09007A87E4 /* PhotosViewController.swift */ = {isa = PBXFileReference; lastKnownFileType = sourcecode.swift; path = PhotosViewController.swift; sourceTree = "<group>"; };
		F687D2F226BF7A09007A87E4 /* PhotosViewController.xib */ = {isa = PBXFileReference; lastKnownFileType = file.xib; path = PhotosViewController.xib; sourceTree = "<group>"; };
		F687D2F826BF7A6E007A87E4 /* BindableType.swift */ = {isa = PBXFileReference; lastKnownFileType = sourcecode.swift; path = BindableType.swift; sourceTree = "<group>"; };
		F687D2FD26BF7B6A007A87E4 /* NibIdentifiable.swift */ = {isa = PBXFileReference; lastKnownFileType = sourcecode.swift; path = NibIdentifiable.swift; sourceTree = "<group>"; };
/* End PBXFileReference section */

/* Begin PBXFrameworksBuildPhase section */
		F687D28D26BF7103007A87E4 /* Frameworks */ = {
			isa = PBXFrameworksBuildPhase;
			buildActionMask = 2147483647;
			files = (
				F687D2CF26BF748B007A87E4 /* RxRelay in Frameworks */,
				F687D2DC26BF74E4007A87E4 /* XCoordinatorRx in Frameworks */,
				F62FC4AA26C018AF00A37F82 /* Kingfisher in Frameworks */,
				F687D2D126BF748B007A87E4 /* RxCocoa in Frameworks */,
				F687D2CB26BF748B007A87E4 /* RxSwift in Frameworks */,
				F687D2DE26BF74E4007A87E4 /* XCoordinator in Frameworks */,
				F687D2D326BF748B007A87E4 /* RxBlocking in Frameworks */,
			);
			runOnlyForDeploymentPostprocessing = 0;
		};
		F687D2A326BF7104007A87E4 /* Frameworks */ = {
			isa = PBXFrameworksBuildPhase;
			buildActionMask = 2147483647;
			files = (
			);
			runOnlyForDeploymentPostprocessing = 0;
		};
		F687D2AE26BF7104007A87E4 /* Frameworks */ = {
			isa = PBXFrameworksBuildPhase;
			buildActionMask = 2147483647;
			files = (
			);
			runOnlyForDeploymentPostprocessing = 0;
		};
/* End PBXFrameworksBuildPhase section */

/* Begin PBXGroup section */
		F62FC49526C00A2400A37F82 /* Models */ = {
			isa = PBXGroup;
			children = (
				F62FC49626C00A3600A37F82 /* Photo.swift */,
			);
			path = Models;
			sourceTree = "<group>";
		};
		F62FC49E26C015E400A37F82 /* Views */ = {
			isa = PBXGroup;
			children = (
				F62FC49F26C0160100A37F82 /* PhotoCell.swift */,
			);
			path = Views;
			sourceTree = "<group>";
		};
		F63195E926C04AF1008ACF23 /* Responses */ = {
			isa = PBXGroup;
			children = (
				F63195D926C0467F008ACF23 /* PhotoSearchSampleResponse.json */,
				F63195E126C04A35008ACF23 /* PhotoSearchEmptyResponse.json */,
			);
			path = Responses;
			sourceTree = "<group>";
		};
		F64BDECB26BF81BF007DE353 /* Utils */ = {
			isa = PBXGroup;
			children = (
				F687D2F826BF7A6E007A87E4 /* BindableType.swift */,
				F687D2FD26BF7B6A007A87E4 /* NibIdentifiable.swift */,
			);
			path = Utils;
			sourceTree = "<group>";
		};
		F64BDECC26BF81C7007DE353 /* Scenes */ = {
			isa = PBXGroup;
			children = (
				F64BDED026BF81E4007DE353 /* Photos */,
				F64BDECF26BF81DD007DE353 /* PhotoDetail */,
			);
			path = Scenes;
			sourceTree = "<group>";
		};
		F64BDECD26BF81D0007DE353 /* Coordinators */ = {
			isa = PBXGroup;
			children = (
				F687D2E226BF763F007A87E4 /* AppCoordinator.swift */,
			);
			path = Coordinators;
			sourceTree = "<group>";
		};
		F64BDECE26BF81D6007DE353 /* Common */ = {
			isa = PBXGroup;
			children = (
				F687D29326BF7103007A87E4 /* AppDelegate.swift */,
				F64BDEF726BFAA91007DE353 /* Environment.swift */,
				F687D29E26BF7104007A87E4 /* LaunchScreen.storyboard */,
				F687D29C26BF7104007A87E4 /* Assets.xcassets */,
				F64BDEF326BFA9A2007DE353 /* Config.xcconfig */,
			);
			path = Common;
			sourceTree = "<group>";
		};
		F64BDECF26BF81DD007DE353 /* PhotoDetail */ = {
			isa = PBXGroup;
			children = (
			);
			path = PhotoDetail;
			sourceTree = "<group>";
		};
		F64BDED026BF81E4007DE353 /* Photos */ = {
			isa = PBXGroup;
			children = (
				F687D2E726BF789B007A87E4 /* PhotosViewModel.swift */,
				F687D2EC26BF7975007A87E4 /* PhotosViewModelImpl.swift */,
				F687D2F126BF7A09007A87E4 /* PhotosViewController.swift */,
				F687D2F226BF7A09007A87E4 /* PhotosViewController.xib */,
			);
			path = Photos;
			sourceTree = "<group>";
		};
		F64BDEE426BF8EB3007DE353 /* Service */ = {
			isa = PBXGroup;
			children = (
				F64BDEE526BF8EDE007DE353 /* FlickrService.swift */,
				F64BDEED26BF922C007DE353 /* PhotoAPIModel.swift */,
			);
			path = Service;
			sourceTree = "<group>";
		};
		F687D28726BF7103007A87E4 = {
			isa = PBXGroup;
			children = (
				F63195EE26C04E3C008ACF23 /* README.md */,
				F687D29226BF7103007A87E4 /* FlickrRx */,
				F687D2A926BF7104007A87E4 /* FlickrRxTests */,
				F687D2B426BF7104007A87E4 /* FlickrRxUITests */,
				F687D29126BF7103007A87E4 /* Products */,
			);
			sourceTree = "<group>";
		};
		F687D29126BF7103007A87E4 /* Products */ = {
			isa = PBXGroup;
			children = (
				F687D29026BF7103007A87E4 /* FlickrRx.app */,
				F687D2A626BF7104007A87E4 /* FlickrRxTests.xctest */,
				F687D2B126BF7104007A87E4 /* FlickrRxUITests.xctest */,
			);
			name = Products;
			sourceTree = "<group>";
		};
		F687D29226BF7103007A87E4 /* FlickrRx */ = {
			isa = PBXGroup;
			children = (
				F64BDECE26BF81D6007DE353 /* Common */,
				F64BDECD26BF81D0007DE353 /* Coordinators */,
				F62FC49526C00A2400A37F82 /* Models */,
				F64BDECC26BF81C7007DE353 /* Scenes */,
				F64BDEE426BF8EB3007DE353 /* Service */,
				F64BDECB26BF81BF007DE353 /* Utils */,
				F62FC49E26C015E400A37F82 /* Views */,
				F687D2A126BF7104007A87E4 /* Info.plist */,
			);
			path = FlickrRx;
			sourceTree = "<group>";
		};
		F687D2A926BF7104007A87E4 /* FlickrRxTests */ = {
			isa = PBXGroup;
			children = (
				F63195E926C04AF1008ACF23 /* Responses */,
				F687D2AA26BF7104007A87E4 /* FlickrRxTests.swift */,
				F63195D426C04600008ACF23 /* PhotoAPIModelTests.swift */,
				F687D2AC26BF7104007A87E4 /* Info.plist */,
			);
			path = FlickrRxTests;
			sourceTree = "<group>";
		};
		F687D2B426BF7104007A87E4 /* FlickrRxUITests */ = {
			isa = PBXGroup;
			children = (
				F687D2B526BF7104007A87E4 /* FlickrRxUITests.swift */,
				F687D2B726BF7104007A87E4 /* Info.plist */,
			);
			path = FlickrRxUITests;
			sourceTree = "<group>";
		};
/* End PBXGroup section */

/* Begin PBXNativeTarget section */
		F687D28F26BF7103007A87E4 /* FlickrRx */ = {
			isa = PBXNativeTarget;
			buildConfigurationList = F687D2BA26BF7104007A87E4 /* Build configuration list for PBXNativeTarget "FlickrRx" */;
			buildPhases = (
				F687D28C26BF7103007A87E4 /* Sources */,
				F687D28D26BF7103007A87E4 /* Frameworks */,
				F687D28E26BF7103007A87E4 /* Resources */,
			);
			buildRules = (
			);
			dependencies = (
			);
			name = FlickrRx;
			packageProductDependencies = (
				F687D2CA26BF748B007A87E4 /* RxSwift */,
				F687D2CE26BF748B007A87E4 /* RxRelay */,
				F687D2D026BF748B007A87E4 /* RxCocoa */,
				F687D2D226BF748B007A87E4 /* RxBlocking */,
				F687D2DB26BF74E4007A87E4 /* XCoordinatorRx */,
				F687D2DD26BF74E4007A87E4 /* XCoordinator */,
				F62FC4A926C018AF00A37F82 /* Kingfisher */,
			);
			productName = FlickrRx;
			productReference = F687D29026BF7103007A87E4 /* FlickrRx.app */;
			productType = "com.apple.product-type.application";
		};
		F687D2A526BF7104007A87E4 /* FlickrRxTests */ = {
			isa = PBXNativeTarget;
			buildConfigurationList = F687D2BD26BF7104007A87E4 /* Build configuration list for PBXNativeTarget "FlickrRxTests" */;
			buildPhases = (
				F687D2A226BF7104007A87E4 /* Sources */,
				F687D2A326BF7104007A87E4 /* Frameworks */,
				F687D2A426BF7104007A87E4 /* Resources */,
			);
			buildRules = (
			);
			dependencies = (
				F687D2A826BF7104007A87E4 /* PBXTargetDependency */,
			);
			name = FlickrRxTests;
			productName = FlickrRxTests;
			productReference = F687D2A626BF7104007A87E4 /* FlickrRxTests.xctest */;
			productType = "com.apple.product-type.bundle.unit-test";
		};
		F687D2B026BF7104007A87E4 /* FlickrRxUITests */ = {
			isa = PBXNativeTarget;
			buildConfigurationList = F687D2C026BF7104007A87E4 /* Build configuration list for PBXNativeTarget "FlickrRxUITests" */;
			buildPhases = (
				F687D2AD26BF7104007A87E4 /* Sources */,
				F687D2AE26BF7104007A87E4 /* Frameworks */,
				F687D2AF26BF7104007A87E4 /* Resources */,
			);
			buildRules = (
			);
			dependencies = (
				F687D2B326BF7104007A87E4 /* PBXTargetDependency */,
			);
			name = FlickrRxUITests;
			productName = FlickrRxUITests;
			productReference = F687D2B126BF7104007A87E4 /* FlickrRxUITests.xctest */;
			productType = "com.apple.product-type.bundle.ui-testing";
		};
/* End PBXNativeTarget section */

/* Begin PBXProject section */
		F687D28826BF7103007A87E4 /* Project object */ = {
			isa = PBXProject;
			attributes = {
				LastSwiftUpdateCheck = 1240;
				LastUpgradeCheck = 1240;
				TargetAttributes = {
					F687D28F26BF7103007A87E4 = {
						CreatedOnToolsVersion = 12.4;
					};
					F687D2A526BF7104007A87E4 = {
						CreatedOnToolsVersion = 12.4;
						TestTargetID = F687D28F26BF7103007A87E4;
					};
					F687D2B026BF7104007A87E4 = {
						CreatedOnToolsVersion = 12.4;
						TestTargetID = F687D28F26BF7103007A87E4;
					};
				};
			};
			buildConfigurationList = F687D28B26BF7103007A87E4 /* Build configuration list for PBXProject "FlickrRx" */;
			compatibilityVersion = "Xcode 9.3";
			developmentRegion = en;
			hasScannedForEncodings = 0;
			knownRegions = (
				en,
				Base,
			);
			mainGroup = F687D28726BF7103007A87E4;
			packageReferences = (
				F687D2C926BF748B007A87E4 /* XCRemoteSwiftPackageReference "RxSwift" */,
				F687D2DA26BF74E4007A87E4 /* XCRemoteSwiftPackageReference "XCoordinator" */,
				F62FC4A826C018AF00A37F82 /* XCRemoteSwiftPackageReference "Kingfisher" */,
			);
			productRefGroup = F687D29126BF7103007A87E4 /* Products */;
			projectDirPath = "";
			projectRoot = "";
			targets = (
				F687D28F26BF7103007A87E4 /* FlickrRx */,
				F687D2A526BF7104007A87E4 /* FlickrRxTests */,
				F687D2B026BF7104007A87E4 /* FlickrRxUITests */,
			);
		};
/* End PBXProject section */

/* Begin PBXResourcesBuildPhase section */
		F687D28E26BF7103007A87E4 /* Resources */ = {
			isa = PBXResourcesBuildPhase;
			buildActionMask = 2147483647;
			files = (
				F687D2A026BF7104007A87E4 /* LaunchScreen.storyboard in Resources */,
				F687D2F426BF7A09007A87E4 /* PhotosViewController.xib in Resources */,
				F687D29D26BF7104007A87E4 /* Assets.xcassets in Resources */,
			);
			runOnlyForDeploymentPostprocessing = 0;
		};
		F687D2A426BF7104007A87E4 /* Resources */ = {
			isa = PBXResourcesBuildPhase;
			buildActionMask = 2147483647;
			files = (
				F63195DA26C0467F008ACF23 /* PhotoSearchSampleResponse.json in Resources */,
				F63195E226C04A35008ACF23 /* PhotoSearchEmptyResponse.json in Resources */,
			);
			runOnlyForDeploymentPostprocessing = 0;
		};
		F687D2AF26BF7104007A87E4 /* Resources */ = {
			isa = PBXResourcesBuildPhase;
			buildActionMask = 2147483647;
			files = (
			);
			runOnlyForDeploymentPostprocessing = 0;
		};
/* End PBXResourcesBuildPhase section */

/* Begin PBXSourcesBuildPhase section */
		F687D28C26BF7103007A87E4 /* Sources */ = {
			isa = PBXSourcesBuildPhase;
			buildActionMask = 2147483647;
			files = (
				F687D2F926BF7A6E007A87E4 /* BindableType.swift in Sources */,
				F687D2E326BF763F007A87E4 /* AppCoordinator.swift in Sources */,
				F64BDEE626BF8EDE007DE353 /* FlickrService.swift in Sources */,
				F64BDEEE26BF922C007DE353 /* PhotoAPIModel.swift in Sources */,
				F62FC4A026C0160100A37F82 /* PhotoCell.swift in Sources */,
				F687D2E826BF789B007A87E4 /* PhotosViewModel.swift in Sources */,
				F687D29426BF7103007A87E4 /* AppDelegate.swift in Sources */,
				F687D2F326BF7A09007A87E4 /* PhotosViewController.swift in Sources */,
				F62FC49726C00A3600A37F82 /* Photo.swift in Sources */,
				F687D2FE26BF7B6A007A87E4 /* NibIdentifiable.swift in Sources */,
				F687D2ED26BF7975007A87E4 /* PhotosViewModelImpl.swift in Sources */,
				F64BDEF826BFAA91007DE353 /* Environment.swift in Sources */,
			);
			runOnlyForDeploymentPostprocessing = 0;
		};
		F687D2A226BF7104007A87E4 /* Sources */ = {
			isa = PBXSourcesBuildPhase;
			buildActionMask = 2147483647;
			files = (
				F687D2AB26BF7104007A87E4 /* FlickrRxTests.swift in Sources */,
				F63195D526C04600008ACF23 /* PhotoAPIModelTests.swift in Sources */,
			);
			runOnlyForDeploymentPostprocessing = 0;
		};
		F687D2AD26BF7104007A87E4 /* Sources */ = {
			isa = PBXSourcesBuildPhase;
			buildActionMask = 2147483647;
			files = (
				F687D2B626BF7104007A87E4 /* FlickrRxUITests.swift in Sources */,
			);
			runOnlyForDeploymentPostprocessing = 0;
		};
/* End PBXSourcesBuildPhase section */

/* Begin PBXTargetDependency section */
		F687D2A826BF7104007A87E4 /* PBXTargetDependency */ = {
			isa = PBXTargetDependency;
			target = F687D28F26BF7103007A87E4 /* FlickrRx */;
			targetProxy = F687D2A726BF7104007A87E4 /* PBXContainerItemProxy */;
		};
		F687D2B326BF7104007A87E4 /* PBXTargetDependency */ = {
			isa = PBXTargetDependency;
			target = F687D28F26BF7103007A87E4 /* FlickrRx */;
			targetProxy = F687D2B226BF7104007A87E4 /* PBXContainerItemProxy */;
		};
/* End PBXTargetDependency section */

/* Begin PBXVariantGroup section */
		F687D29E26BF7104007A87E4 /* LaunchScreen.storyboard */ = {
			isa = PBXVariantGroup;
			children = (
				F687D29F26BF7104007A87E4 /* Base */,
			);
			name = LaunchScreen.storyboard;
			sourceTree = "<group>";
		};
/* End PBXVariantGroup section */

/* Begin XCBuildConfiguration section */
		F687D2B826BF7104007A87E4 /* Debug */ = {
			isa = XCBuildConfiguration;
			baseConfigurationReference = F64BDEF326BFA9A2007DE353 /* Config.xcconfig */;
			buildSettings = {
				ALWAYS_SEARCH_USER_PATHS = NO;
				CLANG_ANALYZER_NONNULL = YES;
				CLANG_ANALYZER_NUMBER_OBJECT_CONVERSION = YES_AGGRESSIVE;
				CLANG_CXX_LANGUAGE_STANDARD = "gnu++14";
				CLANG_CXX_LIBRARY = "libc++";
				CLANG_ENABLE_MODULES = YES;
				CLANG_ENABLE_OBJC_ARC = YES;
				CLANG_ENABLE_OBJC_WEAK = YES;
				CLANG_WARN_BLOCK_CAPTURE_AUTORELEASING = YES;
				CLANG_WARN_BOOL_CONVERSION = YES;
				CLANG_WARN_COMMA = YES;
				CLANG_WARN_CONSTANT_CONVERSION = YES;
				CLANG_WARN_DEPRECATED_OBJC_IMPLEMENTATIONS = YES;
				CLANG_WARN_DIRECT_OBJC_ISA_USAGE = YES_ERROR;
				CLANG_WARN_DOCUMENTATION_COMMENTS = YES;
				CLANG_WARN_EMPTY_BODY = YES;
				CLANG_WARN_ENUM_CONVERSION = YES;
				CLANG_WARN_INFINITE_RECURSION = YES;
				CLANG_WARN_INT_CONVERSION = YES;
				CLANG_WARN_NON_LITERAL_NULL_CONVERSION = YES;
				CLANG_WARN_OBJC_IMPLICIT_RETAIN_SELF = YES;
				CLANG_WARN_OBJC_LITERAL_CONVERSION = YES;
				CLANG_WARN_OBJC_ROOT_CLASS = YES_ERROR;
				CLANG_WARN_QUOTED_INCLUDE_IN_FRAMEWORK_HEADER = YES;
				CLANG_WARN_RANGE_LOOP_ANALYSIS = YES;
				CLANG_WARN_STRICT_PROTOTYPES = YES;
				CLANG_WARN_SUSPICIOUS_MOVE = YES;
				CLANG_WARN_UNGUARDED_AVAILABILITY = YES_AGGRESSIVE;
				CLANG_WARN_UNREACHABLE_CODE = YES;
				CLANG_WARN__DUPLICATE_METHOD_MATCH = YES;
				COPY_PHASE_STRIP = NO;
				DEBUG_INFORMATION_FORMAT = dwarf;
				ENABLE_STRICT_OBJC_MSGSEND = YES;
				ENABLE_TESTABILITY = YES;
				GCC_C_LANGUAGE_STANDARD = gnu11;
				GCC_DYNAMIC_NO_PIC = NO;
				GCC_NO_COMMON_BLOCKS = YES;
				GCC_OPTIMIZATION_LEVEL = 0;
				GCC_PREPROCESSOR_DEFINITIONS = (
					"DEBUG=1",
					"$(inherited)",
				);
				GCC_WARN_64_TO_32_BIT_CONVERSION = YES;
				GCC_WARN_ABOUT_RETURN_TYPE = YES_ERROR;
				GCC_WARN_UNDECLARED_SELECTOR = YES;
				GCC_WARN_UNINITIALIZED_AUTOS = YES_AGGRESSIVE;
				GCC_WARN_UNUSED_FUNCTION = YES;
				GCC_WARN_UNUSED_VARIABLE = YES;
				IPHONEOS_DEPLOYMENT_TARGET = 14.4;
				MTL_ENABLE_DEBUG_INFO = INCLUDE_SOURCE;
				MTL_FAST_MATH = YES;
				ONLY_ACTIVE_ARCH = YES;
				SDKROOT = iphoneos;
				SWIFT_ACTIVE_COMPILATION_CONDITIONS = DEBUG;
				SWIFT_OPTIMIZATION_LEVEL = "-Onone";
			};
			name = Debug;
		};
		F687D2B926BF7104007A87E4 /* Release */ = {
			isa = XCBuildConfiguration;
			baseConfigurationReference = F64BDEF326BFA9A2007DE353 /* Config.xcconfig */;
			buildSettings = {
				ALWAYS_SEARCH_USER_PATHS = NO;
				CLANG_ANALYZER_NONNULL = YES;
				CLANG_ANALYZER_NUMBER_OBJECT_CONVERSION = YES_AGGRESSIVE;
				CLANG_CXX_LANGUAGE_STANDARD = "gnu++14";
				CLANG_CXX_LIBRARY = "libc++";
				CLANG_ENABLE_MODULES = YES;
				CLANG_ENABLE_OBJC_ARC = YES;
				CLANG_ENABLE_OBJC_WEAK = YES;
				CLANG_WARN_BLOCK_CAPTURE_AUTORELEASING = YES;
				CLANG_WARN_BOOL_CONVERSION = YES;
				CLANG_WARN_COMMA = YES;
				CLANG_WARN_CONSTANT_CONVERSION = YES;
				CLANG_WARN_DEPRECATED_OBJC_IMPLEMENTATIONS = YES;
				CLANG_WARN_DIRECT_OBJC_ISA_USAGE = YES_ERROR;
				CLANG_WARN_DOCUMENTATION_COMMENTS = YES;
				CLANG_WARN_EMPTY_BODY = YES;
				CLANG_WARN_ENUM_CONVERSION = YES;
				CLANG_WARN_INFINITE_RECURSION = YES;
				CLANG_WARN_INT_CONVERSION = YES;
				CLANG_WARN_NON_LITERAL_NULL_CONVERSION = YES;
				CLANG_WARN_OBJC_IMPLICIT_RETAIN_SELF = YES;
				CLANG_WARN_OBJC_LITERAL_CONVERSION = YES;
				CLANG_WARN_OBJC_ROOT_CLASS = YES_ERROR;
				CLANG_WARN_QUOTED_INCLUDE_IN_FRAMEWORK_HEADER = YES;
				CLANG_WARN_RANGE_LOOP_ANALYSIS = YES;
				CLANG_WARN_STRICT_PROTOTYPES = YES;
				CLANG_WARN_SUSPICIOUS_MOVE = YES;
				CLANG_WARN_UNGUARDED_AVAILABILITY = YES_AGGRESSIVE;
				CLANG_WARN_UNREACHABLE_CODE = YES;
				CLANG_WARN__DUPLICATE_METHOD_MATCH = YES;
				COPY_PHASE_STRIP = NO;
				DEBUG_INFORMATION_FORMAT = "dwarf-with-dsym";
				ENABLE_NS_ASSERTIONS = NO;
				ENABLE_STRICT_OBJC_MSGSEND = YES;
				GCC_C_LANGUAGE_STANDARD = gnu11;
				GCC_NO_COMMON_BLOCKS = YES;
				GCC_WARN_64_TO_32_BIT_CONVERSION = YES;
				GCC_WARN_ABOUT_RETURN_TYPE = YES_ERROR;
				GCC_WARN_UNDECLARED_SELECTOR = YES;
				GCC_WARN_UNINITIALIZED_AUTOS = YES_AGGRESSIVE;
				GCC_WARN_UNUSED_FUNCTION = YES;
				GCC_WARN_UNUSED_VARIABLE = YES;
				IPHONEOS_DEPLOYMENT_TARGET = 14.4;
				MTL_ENABLE_DEBUG_INFO = NO;
				MTL_FAST_MATH = YES;
				SDKROOT = iphoneos;
				SWIFT_COMPILATION_MODE = wholemodule;
				SWIFT_OPTIMIZATION_LEVEL = "-O";
				VALIDATE_PRODUCT = YES;
			};
			name = Release;
		};
		F687D2BB26BF7104007A87E4 /* Debug */ = {
			isa = XCBuildConfiguration;
			baseConfigurationReference = F64BDEF326BFA9A2007DE353 /* Config.xcconfig */;
			buildSettings = {
				ASSETCATALOG_COMPILER_APPICON_NAME = AppIcon;
				ASSETCATALOG_COMPILER_GLOBAL_ACCENT_COLOR_NAME = AccentColor;
				CODE_SIGN_STYLE = Automatic;
				INFOPLIST_FILE = FlickrRx/Info.plist;
				LD_RUNPATH_SEARCH_PATHS = (
					"$(inherited)",
					"@executable_path/Frameworks",
				);
				PRODUCT_BUNDLE_IDENTIFIER = au.com.llopez.FlickrRx;
				PRODUCT_NAME = "$(TARGET_NAME)";
				SWIFT_VERSION = 5.0;
				TARGETED_DEVICE_FAMILY = "1,2";
			};
			name = Debug;
		};
		F687D2BC26BF7104007A87E4 /* Release */ = {
			isa = XCBuildConfiguration;
			baseConfigurationReference = F64BDEF326BFA9A2007DE353 /* Config.xcconfig */;
			buildSettings = {
				ASSETCATALOG_COMPILER_APPICON_NAME = AppIcon;
				ASSETCATALOG_COMPILER_GLOBAL_ACCENT_COLOR_NAME = AccentColor;
				CODE_SIGN_STYLE = Automatic;
				INFOPLIST_FILE = FlickrRx/Info.plist;
				LD_RUNPATH_SEARCH_PATHS = (
					"$(inherited)",
					"@executable_path/Frameworks",
				);
				PRODUCT_BUNDLE_IDENTIFIER = au.com.llopez.FlickrRx;
				PRODUCT_NAME = "$(TARGET_NAME)";
				SWIFT_VERSION = 5.0;
				TARGETED_DEVICE_FAMILY = "1,2";
			};
			name = Release;
		};
		F687D2BE26BF7104007A87E4 /* Debug */ = {
			isa = XCBuildConfiguration;
			buildSettings = {
				ALWAYS_EMBED_SWIFT_STANDARD_LIBRARIES = YES;
				BUNDLE_LOADER = "$(TEST_HOST)";
				CODE_SIGN_STYLE = Automatic;
				INFOPLIST_FILE = FlickrRxTests/Info.plist;
				IPHONEOS_DEPLOYMENT_TARGET = 14.4;
				LD_RUNPATH_SEARCH_PATHS = (
					"$(inherited)",
					"@executable_path/Frameworks",
					"@loader_path/Frameworks",
				);
				PRODUCT_BUNDLE_IDENTIFIER = au.com.llopez.FlickrRxTests;
				PRODUCT_NAME = "$(TARGET_NAME)";
				SWIFT_VERSION = 5.0;
				TARGETED_DEVICE_FAMILY = "1,2";
				TEST_HOST = "$(BUILT_PRODUCTS_DIR)/FlickrRx.app/FlickrRx";
			};
			name = Debug;
		};
		F687D2BF26BF7104007A87E4 /* Release */ = {
			isa = XCBuildConfiguration;
			buildSettings = {
				ALWAYS_EMBED_SWIFT_STANDARD_LIBRARIES = YES;
				BUNDLE_LOADER = "$(TEST_HOST)";
				CODE_SIGN_STYLE = Automatic;
				INFOPLIST_FILE = FlickrRxTests/Info.plist;
				IPHONEOS_DEPLOYMENT_TARGET = 14.4;
				LD_RUNPATH_SEARCH_PATHS = (
					"$(inherited)",
					"@executable_path/Frameworks",
					"@loader_path/Frameworks",
				);
				PRODUCT_BUNDLE_IDENTIFIER = au.com.llopez.FlickrRxTests;
				PRODUCT_NAME = "$(TARGET_NAME)";
				SWIFT_VERSION = 5.0;
				TARGETED_DEVICE_FAMILY = "1,2";
				TEST_HOST = "$(BUILT_PRODUCTS_DIR)/FlickrRx.app/FlickrRx";
			};
			name = Release;
		};
		F687D2C126BF7104007A87E4 /* Debug */ = {
			isa = XCBuildConfiguration;
			buildSettings = {
				ALWAYS_EMBED_SWIFT_STANDARD_LIBRARIES = YES;
				CODE_SIGN_STYLE = Automatic;
				INFOPLIST_FILE = FlickrRxUITests/Info.plist;
				LD_RUNPATH_SEARCH_PATHS = (
					"$(inherited)",
					"@executable_path/Frameworks",
					"@loader_path/Frameworks",
				);
				PRODUCT_BUNDLE_IDENTIFIER = au.com.llopez.FlickrRxUITests;
				PRODUCT_NAME = "$(TARGET_NAME)";
				SWIFT_VERSION = 5.0;
				TARGETED_DEVICE_FAMILY = "1,2";
				TEST_TARGET_NAME = FlickrRx;
			};
			name = Debug;
		};
		F687D2C226BF7104007A87E4 /* Release */ = {
			isa = XCBuildConfiguration;
			buildSettings = {
				ALWAYS_EMBED_SWIFT_STANDARD_LIBRARIES = YES;
				CODE_SIGN_STYLE = Automatic;
				INFOPLIST_FILE = FlickrRxUITests/Info.plist;
				LD_RUNPATH_SEARCH_PATHS = (
					"$(inherited)",
					"@executable_path/Frameworks",
					"@loader_path/Frameworks",
				);
				PRODUCT_BUNDLE_IDENTIFIER = au.com.llopez.FlickrRxUITests;
				PRODUCT_NAME = "$(TARGET_NAME)";
				SWIFT_VERSION = 5.0;
				TARGETED_DEVICE_FAMILY = "1,2";
				TEST_TARGET_NAME = FlickrRx;
			};
			name = Release;
		};
/* End XCBuildConfiguration section */

/* Begin XCConfigurationList section */
		F687D28B26BF7103007A87E4 /* Build configuration list for PBXProject "FlickrRx" */ = {
			isa = XCConfigurationList;
			buildConfigurations = (
				F687D2B826BF7104007A87E4 /* Debug */,
				F687D2B926BF7104007A87E4 /* Release */,
			);
			defaultConfigurationIsVisible = 0;
			defaultConfigurationName = Release;
		};
		F687D2BA26BF7104007A87E4 /* Build configuration list for PBXNativeTarget "FlickrRx" */ = {
			isa = XCConfigurationList;
			buildConfigurations = (
				F687D2BB26BF7104007A87E4 /* Debug */,
				F687D2BC26BF7104007A87E4 /* Release */,
			);
			defaultConfigurationIsVisible = 0;
			defaultConfigurationName = Release;
		};
		F687D2BD26BF7104007A87E4 /* Build configuration list for PBXNativeTarget "FlickrRxTests" */ = {
			isa = XCConfigurationList;
			buildConfigurations = (
				F687D2BE26BF7104007A87E4 /* Debug */,
				F687D2BF26BF7104007A87E4 /* Release */,
			);
			defaultConfigurationIsVisible = 0;
			defaultConfigurationName = Release;
		};
		F687D2C026BF7104007A87E4 /* Build configuration list for PBXNativeTarget "FlickrRxUITests" */ = {
			isa = XCConfigurationList;
			buildConfigurations = (
				F687D2C126BF7104007A87E4 /* Debug */,
				F687D2C226BF7104007A87E4 /* Release */,
			);
			defaultConfigurationIsVisible = 0;
			defaultConfigurationName = Release;
		};
/* End XCConfigurationList section */

/* Begin XCRemoteSwiftPackageReference section */
		F62FC4A826C018AF00A37F82 /* XCRemoteSwiftPackageReference "Kingfisher" */ = {
			isa = XCRemoteSwiftPackageReference;
			repositoryURL = "https://github.com/onevcat/Kingfisher.git";
			requirement = {
				kind = upToNextMajorVersion;
				minimumVersion = 6.3.1;
			};
		};
		F687D2C926BF748B007A87E4 /* XCRemoteSwiftPackageReference "RxSwift" */ = {
			isa = XCRemoteSwiftPackageReference;
			repositoryURL = "https://github.com/ReactiveX/RxSwift";
			requirement = {
				kind = upToNextMajorVersion;
				minimumVersion = 5.0.1;
			};
		};
		F687D2DA26BF74E4007A87E4 /* XCRemoteSwiftPackageReference "XCoordinator" */ = {
			isa = XCRemoteSwiftPackageReference;
			repositoryURL = "https://github.com/quickbirdstudios/XCoordinator";
			requirement = {
				kind = upToNextMajorVersion;
				minimumVersion = 2.0.7;
			};
		};
/* End XCRemoteSwiftPackageReference section */

/* Begin XCSwiftPackageProductDependency section */
		F62FC4A926C018AF00A37F82 /* Kingfisher */ = {
			isa = XCSwiftPackageProductDependency;
			package = F62FC4A826C018AF00A37F82 /* XCRemoteSwiftPackageReference "Kingfisher" */;
			productName = Kingfisher;
		};
		F687D2CA26BF748B007A87E4 /* RxSwift */ = {
			isa = XCSwiftPackageProductDependency;
			package = F687D2C926BF748B007A87E4 /* XCRemoteSwiftPackageReference "RxSwift" */;
			productName = RxSwift;
		};
		F687D2CE26BF748B007A87E4 /* RxRelay */ = {
			isa = XCSwiftPackageProductDependency;
			package = F687D2C926BF748B007A87E4 /* XCRemoteSwiftPackageReference "RxSwift" */;
			productName = RxRelay;
		};
		F687D2D026BF748B007A87E4 /* RxCocoa */ = {
			isa = XCSwiftPackageProductDependency;
			package = F687D2C926BF748B007A87E4 /* XCRemoteSwiftPackageReference "RxSwift" */;
			productName = RxCocoa;
		};
		F687D2D226BF748B007A87E4 /* RxBlocking */ = {
			isa = XCSwiftPackageProductDependency;
			package = F687D2C926BF748B007A87E4 /* XCRemoteSwiftPackageReference "RxSwift" */;
			productName = RxBlocking;
		};
		F687D2DB26BF74E4007A87E4 /* XCoordinatorRx */ = {
			isa = XCSwiftPackageProductDependency;
			package = F687D2DA26BF74E4007A87E4 /* XCRemoteSwiftPackageReference "XCoordinator" */;
			productName = XCoordinatorRx;
		};
		F687D2DD26BF74E4007A87E4 /* XCoordinator */ = {
			isa = XCSwiftPackageProductDependency;
			package = F687D2DA26BF74E4007A87E4 /* XCRemoteSwiftPackageReference "XCoordinator" */;
			productName = XCoordinator;
		};
/* End XCSwiftPackageProductDependency section */
	};
	rootObject = F687D28826BF7103007A87E4 /* Project object */;
}
